{
  "name": "emtest2",
  "version": "1.0.0",
  "lockfileVersion": 2,
  "requires": true,
  "packages": {
    "": {
      "name": "emtest2",
      "version": "1.0.0",
      "license": "ISC",
      "dependencies": {
        "esm1": "file:../esm1",
        "typescript": "^4.8.3"
      }
    },
    "../esm1": {
      "version": "1.0.0",
      "license": "ISC",
      "dependencies": {
        "typescript": "^4.8.3"
      }
    },
    "node_modules/esm1": {
      "resolved": "../esm1",
      "link": true
    },
    "node_modules/typescript": {
      "version": "4.8.3",
      "resolved": "https://registry.npmjs.org/typescript/-/typescript-4.8.3.tgz",
      "integrity": "sha512-goMHfm00nWPa8UvR/CPSvykqf6dVV8x/dp0c5mFTMTIu0u0FlGWRioyy7Nn0PGAdHxpJZnuO/ut+PpQ8UiHAig==",
      "bin": {
        "tsc": "bin/tsc",
        "tsserver": "bin/tsserver"
      },
      "engines": {
        "node": ">=4.2.0"
      }
    }
  },
  "dependencies": {
    "esm1": {
      "version": "file:../esm1",
      "requires": {
        "typescript": "^4.8.3"
      }
    },
    "typescript": {
      "version": "4.8.3",
      "resolved": "https://registry.npmjs.org/typescript/-/typescript-4.8.3.tgz",
      "integrity": "sha512-goMHfm00nWPa8UvR/CPSvykqf6dVV8x/dp0c5mFTMTIu0u0FlGWRioyy7Nn0PGAdHxpJZnuO/ut+PpQ8UiHAig=="
    }
  }
}
